
Microsoft Visual Studio Solution File, Format Version 12.00
# Visual Studio Version 16
VisualStudioVersion = 16.0.30114.105
MinimumVisualStudioVersion = 10.0.40219.1
Project("{FAE04EC0-301F-11D3-BF4B-00C04F79EFBC}") = "API", "API\API.csproj", "{41BA6F65-3EB5-49F2-B4F3-4050D7970408}"
EndProject
Project("{FAE04EC0-301F-11D3-BF4B-00C04F79EFBC}") = "Application", "Application\Application.csproj", "{06ED7F4A-859D-48F7-8AC6-F56B94A2A09F}"
EndProject
Project("{FAE04EC0-301F-11D3-BF4B-00C04F79EFBC}") = "Domain", "Domain\Domain.csproj", "{FD37638F-58E9-4E43-9372-1B6992A550DE}"
EndProject
Project("{FAE04EC0-301F-11D3-BF4B-00C04F79EFBC}") = "Persistence", "Persistence\Persistence.csproj", "{80030B4B-9C84-406E-BFC8-A5639E6744D7}"
EndProject
Project("{FAE04EC0-301F-11D3-BF4B-00C04F79EFBC}") = "Infrastructure", "Infrastructure\Infrastructure.csproj", "{FD57B715-012F-4A76-B573-55D402C6F7BC}"
EndProject
Global
	GlobalSection(SolutionConfigurationPlatforms) = preSolution
		Debug|Any CPU = Debug|Any CPU
		Debug|x64 = Debug|x64
		Debug|x86 = Debug|x86
		Release|Any CPU = Release|Any CPU
		Release|x64 = Release|x64
		Release|x86 = Release|x86
	EndGlobalSection
	GlobalSection(SolutionProperties) = preSolution
		HideSolutionNode = FALSE
	EndGlobalSection
	GlobalSection(ProjectConfigurationPlatforms) = postSolution
		{41BA6F65-3EB5-49F2-B4F3-4050D7970408}.Debug|Any CPU.ActiveCfg = Debug|Any CPU
		{41BA6F65-3EB5-49F2-B4F3-4050D7970408}.Debug|Any CPU.Build.0 = Debug|Any CPU
		{41BA6F65-3EB5-49F2-B4F3-4050D7970408}.Debug|x64.ActiveCfg = Debug|Any CPU
		{41BA6F65-3EB5-49F2-B4F3-4050D7970408}.Debug|x64.Build.0 = Debug|Any CPU
		{41BA6F65-3EB5-49F2-B4F3-4050D7970408}.Debug|x86.ActiveCfg = Debug|Any CPU
		{41BA6F65-3EB5-49F2-B4F3-4050D7970408}.Debug|x86.Build.0 = Debug|Any CPU
		{41BA6F65-3EB5-49F2-B4F3-4050D7970408}.Release|Any CPU.ActiveCfg = Release|Any CPU
		{41BA6F65-3EB5-49F2-B4F3-4050D7970408}.Release|Any CPU.Build.0 = Release|Any CPU
		{41BA6F65-3EB5-49F2-B4F3-4050D7970408}.Release|x64.ActiveCfg = Release|Any CPU
		{41BA6F65-3EB5-49F2-B4F3-4050D7970408}.Release|x64.Build.0 = Release|Any CPU
		{41BA6F65-3EB5-49F2-B4F3-4050D7970408}.Release|x86.ActiveCfg = Release|Any CPU
		{41BA6F65-3EB5-49F2-B4F3-4050D7970408}.Release|x86.Build.0 = Release|Any CPU
		{06ED7F4A-859D-48F7-8AC6-F56B94A2A09F}.Debug|Any CPU.ActiveCfg = Debug|Any CPU
		{06ED7F4A-859D-48F7-8AC6-F56B94A2A09F}.Debug|Any CPU.Build.0 = Debug|Any CPU
		{06ED7F4A-859D-48F7-8AC6-F56B94A2A09F}.Debug|x64.ActiveCfg = Debug|Any CPU
		{06ED7F4A-859D-48F7-8AC6-F56B94A2A09F}.Debug|x64.Build.0 = Debug|Any CPU
		{06ED7F4A-859D-48F7-8AC6-F56B94A2A09F}.Debug|x86.ActiveCfg = Debug|Any CPU
		{06ED7F4A-859D-48F7-8AC6-F56B94A2A09F}.Debug|x86.Build.0 = Debug|Any CPU
		{06ED7F4A-859D-48F7-8AC6-F56B94A2A09F}.Release|Any CPU.ActiveCfg = Release|Any CPU
		{06ED7F4A-859D-48F7-8AC6-F56B94A2A09F}.Release|Any CPU.Build.0 = Release|Any CPU
		{06ED7F4A-859D-48F7-8AC6-F56B94A2A09F}.Release|x64.ActiveCfg = Release|Any CPU
		{06ED7F4A-859D-48F7-8AC6-F56B94A2A09F}.Release|x64.Build.0 = Release|Any CPU
		{06ED7F4A-859D-48F7-8AC6-F56B94A2A09F}.Release|x86.ActiveCfg = Release|Any CPU
		{06ED7F4A-859D-48F7-8AC6-F56B94A2A09F}.Release|x86.Build.0 = Release|Any CPU
		{FD37638F-58E9-4E43-9372-1B6992A550DE}.Debug|Any CPU.ActiveCfg = Debug|Any CPU
		{FD37638F-58E9-4E43-9372-1B6992A550DE}.Debug|Any CPU.Build.0 = Debug|Any CPU
		{FD37638F-58E9-4E43-9372-1B6992A550DE}.Debug|x64.ActiveCfg = Debug|Any CPU
		{FD37638F-58E9-4E43-9372-1B6992A550DE}.Debug|x64.Build.0 = Debug|Any CPU
		{FD37638F-58E9-4E43-9372-1B6992A550DE}.Debug|x86.ActiveCfg = Debug|Any CPU
		{FD37638F-58E9-4E43-9372-1B6992A550DE}.Debug|x86.Build.0 = Debug|Any CPU
		{FD37638F-58E9-4E43-9372-1B6992A550DE}.Release|Any CPU.ActiveCfg = Release|Any CPU
		{FD37638F-58E9-4E43-9372-1B6992A550DE}.Release|Any CPU.Build.0 = Release|Any CPU
		{FD37638F-58E9-4E43-9372-1B6992A550DE}.Release|x64.ActiveCfg = Release|Any CPU
		{FD37638F-58E9-4E43-9372-1B6992A550DE}.Release|x64.Build.0 = Release|Any CPU
		{FD37638F-58E9-4E43-9372-1B6992A550DE}.Release|x86.ActiveCfg = Release|Any CPU
		{FD37638F-58E9-4E43-9372-1B6992A550DE}.Release|x86.Build.0 = Release|Any CPU
		{80030B4B-9C84-406E-BFC8-A5639E6744D7}.Debug|Any CPU.ActiveCfg = Debug|Any CPU
		{80030B4B-9C84-406E-BFC8-A5639E6744D7}.Debug|Any CPU.Build.0 = Debug|Any CPU
		{80030B4B-9C84-406E-BFC8-A5639E6744D7}.Debug|x64.ActiveCfg = Debug|Any CPU
		{80030B4B-9C84-406E-BFC8-A5639E6744D7}.Debug|x64.Build.0 = Debug|Any CPU
		{80030B4B-9C84-406E-BFC8-A5639E6744D7}.Debug|x86.ActiveCfg = Debug|Any CPU
		{80030B4B-9C84-406E-BFC8-A5639E6744D7}.Debug|x86.Build.0 = Debug|Any CPU
		{80030B4B-9C84-406E-BFC8-A5639E6744D7}.Release|Any CPU.ActiveCfg = Release|Any CPU
		{80030B4B-9C84-406E-BFC8-A5639E6744D7}.Release|Any CPU.Build.0 = Release|Any CPU
		{80030B4B-9C84-406E-BFC8-A5639E6744D7}.Release|x64.ActiveCfg = Release|Any CPU
		{80030B4B-9C84-406E-BFC8-A5639E6744D7}.Release|x64.Build.0 = Release|Any CPU
		{80030B4B-9C84-406E-BFC8-A5639E6744D7}.Release|x86.ActiveCfg = Release|Any CPU
		{80030B4B-9C84-406E-BFC8-A5639E6744D7}.Release|x86.Build.0 = Release|Any CPU
		{FD57B715-012F-4A76-B573-55D402C6F7BC}.Debug|Any CPU.ActiveCfg = Debug|Any CPU
		{FD57B715-012F-4A76-B573-55D402C6F7BC}.Debug|Any CPU.Build.0 = Debug|Any CPU
		{FD57B715-012F-4A76-B573-55D402C6F7BC}.Debug|x64.ActiveCfg = Debug|Any CPU
		{FD57B715-012F-4A76-B573-55D402C6F7BC}.Debug|x64.Build.0 = Debug|Any CPU
		{FD57B715-012F-4A76-B573-55D402C6F7BC}.Debug|x86.ActiveCfg = Debug|Any CPU
		{FD57B715-012F-4A76-B573-55D402C6F7BC}.Debug|x86.Build.0 = Debug|Any CPU
		{FD57B715-012F-4A76-B573-55D402C6F7BC}.Release|Any CPU.ActiveCfg = Release|Any CPU
		{FD57B715-012F-4A76-B573-55D402C6F7BC}.Release|Any CPU.Build.0 = Release|Any CPU
		{FD57B715-012F-4A76-B573-55D402C6F7BC}.Release|x64.ActiveCfg = Release|Any CPU
		{FD57B715-012F-4A76-B573-55D402C6F7BC}.Release|x64.Build.0 = Release|Any CPU
		{FD57B715-012F-4A76-B573-55D402C6F7BC}.Release|x86.ActiveCfg = Release|Any CPU
		{FD57B715-012F-4A76-B573-55D402C6F7BC}.Release|x86.Build.0 = Release|Any CPU
	EndGlobalSection
EndGlobal
